
Microsoft Visual Studio Solution File, Format Version 12.00
# Visual Studio Version 16
VisualStudioVersion = 16.0.30330.147
MinimumVisualStudioVersion = 10.0.40219.1
Project("{FAE04EC0-301F-11D3-BF4B-00C04F79EFBC}") = "A2program", "A2program.csproj", "{60B8FD4E-F571-4B20-9049-366EEA5E6BD2}"
	ProjectSection(ProjectDependencies) = postProject
		{6B61C705-DBB7-4868-ADD9-88C42D345817} = {6B61C705-DBB7-4868-ADD9-88C42D345817}
	EndProjectSection
EndProject
Project("{FAE04EC0-301F-11D3-BF4B-00C04F79EFBC}") = "CommonClasses", "..\CommonClasses\CommonClasses.csproj", "{4615DE5B-D321-41C1-8FFA-BCF3D5721A5A}"
EndProject
Project("{E24C65DC-7377-472B-9ABA-BC803B73C61A}") = "WCFSLocal1", "..\WCFSLocal1", "{6B61C705-DBB7-4868-ADD9-88C42D345817}"
	ProjectSection(WebsiteProperties) = preProject
		TargetFrameworkMoniker = ".NETFramework,Version%3Dv4.7"
		ProjectReferences = "{4615de5b-d321-41c1-8ffa-bcf3d5721a5a}|CommonClasses.dll;"
		Debug.AspNetCompiler.VirtualPath = "/localhost_65266"
		Debug.AspNetCompiler.PhysicalPath = "..\WCFSLocal1\"
		Debug.AspNetCompiler.TargetPath = "PrecompiledWeb\localhost_65266\"
		Debug.AspNetCompiler.Updateable = "true"
		Debug.AspNetCompiler.ForceOverwrite = "true"
		Debug.AspNetCompiler.FixedNames = "false"
		Debug.AspNetCompiler.Debug = "True"
		Release.AspNetCompiler.VirtualPath = "/localhost_65266"
		Release.AspNetCompiler.PhysicalPath = "..\WCFSLocal1\"
		Release.AspNetCompiler.TargetPath = "PrecompiledWeb\localhost_65266\"
		Release.AspNetCompiler.Updateable = "true"
		Release.AspNetCompiler.ForceOverwrite = "true"
		Release.AspNetCompiler.FixedNames = "false"
		Release.AspNetCompiler.Debug = "False"
		VWDPort = "65266"
		SlnRelativePath = "..\WCFSLocal1\"
		DefaultWebSiteLanguage = "Visual C#"
	EndProjectSection
EndProject
Global
	GlobalSection(SolutionConfigurationPlatforms) = preSolution
		Debug|Any CPU = Debug|Any CPU
		Release|Any CPU = Release|Any CPU
	EndGlobalSection
	GlobalSection(ProjectConfigurationPlatforms) = postSolution
		{60B8FD4E-F571-4B20-9049-366EEA5E6BD2}.Debug|Any CPU.ActiveCfg = Debug|Any CPU
		{60B8FD4E-F571-4B20-9049-366EEA5E6BD2}.Debug|Any CPU.Build.0 = Debug|Any CPU
		{60B8FD4E-F571-4B20-9049-366EEA5E6BD2}.Release|Any CPU.ActiveCfg = Release|Any CPU
		{60B8FD4E-F571-4B20-9049-366EEA5E6BD2}.Release|Any CPU.Build.0 = Release|Any CPU
		{4615DE5B-D321-41C1-8FFA-BCF3D5721A5A}.Debug|Any CPU.ActiveCfg = Debug|Any CPU
		{4615DE5B-D321-41C1-8FFA-BCF3D5721A5A}.Debug|Any CPU.Build.0 = Debug|Any CPU
		{4615DE5B-D321-41C1-8FFA-BCF3D5721A5A}.Release|Any CPU.ActiveCfg = Release|Any CPU
		{4615DE5B-D321-41C1-8FFA-BCF3D5721A5A}.Release|Any CPU.Build.0 = Release|Any CPU
		{6B61C705-DBB7-4868-ADD9-88C42D345817}.Debug|Any CPU.ActiveCfg = Debug|Any CPU
		{6B61C705-DBB7-4868-ADD9-88C42D345817}.Debug|Any CPU.Build.0 = Debug|Any CPU
		{6B61C705-DBB7-4868-ADD9-88C42D345817}.Release|Any CPU.ActiveCfg = Debug|Any CPU
		{6B61C705-DBB7-4868-ADD9-88C42D345817}.Release|Any CPU.Build.0 = Debug|Any CPU
	EndGlobalSection
	GlobalSection(SolutionProperties) = preSolution
		HideSolutionNode = FALSE
	EndGlobalSection
	GlobalSection(ExtensibilityGlobals) = postSolution
		SolutionGuid = {8CE597AA-C7A9-4599-9D3B-F80911FDA0CB}
	EndGlobalSection
EndGlobal
